{
  "name": "fibre_continuum",
  "version": "1.0.0",
  "lockfileVersion": 2,
  "requires": true,
  "packages": {
    "": {
      "name": "fibre_continuum",
      "version": "1.0.0",
      "license": "ISC",
      "dependencies": {
        "struct": "0.0.12"
      }
    },
    "node_modules/struct": {
      "version": "0.0.12",
      "resolved": "https://registry.npmjs.org/struct/-/struct-0.0.12.tgz",
      "integrity": "sha1-gzCvhyZk6aW9Z4ZkUkhXxQkIA4o=",
      "engines": {
        "node": ">0.6.0"
      }
    }
  },
  "dependencies": {
    "struct": {
      "version": "0.0.12",
      "resolved": "https://registry.npmjs.org/struct/-/struct-0.0.12.tgz",
      "integrity": "sha1-gzCvhyZk6aW9Z4ZkUkhXxQkIA4o="
    }
  }
}
